
Microsoft Visual Studio Solution File, Format Version 12.00
# Visual Studio Version 17
VisualStudioVersion = 17.9.34728.123
MinimumVisualStudioVersion = 10.0.40219.1
Project("{FAE04EC0-301F-11D3-BF4B-00C04F79EFBC}") = "DatsDefense.Server", "DatsDefense.Server\DatsDefense.Server.csproj", "{62CE712C-4D47-4931-9053-8B761486B743}"
EndProject
Project("{54A90642-561A-4BB1-A94E-469ADEE60C69}") = "datsdefense.client", "datsdefense.client\datsdefense.client.esproj", "{67803455-F3D8-4CE8-BBB8-06272FE02971}"
EndProject
Project("{FAE04EC0-301F-11D3-BF4B-00C04F79EFBC}") = "Core", "Core\Core.csproj", "{094B0BF4-ED0C-4671-A29C-754CBC85A956}"
EndProject
Project("{FAE04EC0-301F-11D3-BF4B-00C04F79EFBC}") = "ConsoleApp", "ConsoleApp\ConsoleApp.csproj", "{CAB30C33-5F45-4579-A384-ADFB3A7F980F}"
EndProject
Global
	GlobalSection(SolutionConfigurationPlatforms) = preSolution
		Debug|Any CPU = Debug|Any CPU
		Release|Any CPU = Release|Any CPU
	EndGlobalSection
	GlobalSection(ProjectConfigurationPlatforms) = postSolution
		{62CE712C-4D47-4931-9053-8B761486B743}.Debug|Any CPU.ActiveCfg = Debug|Any CPU
		{62CE712C-4D47-4931-9053-8B761486B743}.Debug|Any CPU.Build.0 = Debug|Any CPU
		{62CE712C-4D47-4931-9053-8B761486B743}.Release|Any CPU.ActiveCfg = Release|Any CPU
		{62CE712C-4D47-4931-9053-8B761486B743}.Release|Any CPU.Build.0 = Release|Any CPU
		{67803455-F3D8-4CE8-BBB8-06272FE02971}.Debug|Any CPU.ActiveCfg = Debug|Any CPU
		{67803455-F3D8-4CE8-BBB8-06272FE02971}.Debug|Any CPU.Build.0 = Debug|Any CPU
		{67803455-F3D8-4CE8-BBB8-06272FE02971}.Debug|Any CPU.Deploy.0 = Debug|Any CPU
		{67803455-F3D8-4CE8-BBB8-06272FE02971}.Release|Any CPU.ActiveCfg = Release|Any CPU
		{67803455-F3D8-4CE8-BBB8-06272FE02971}.Release|Any CPU.Build.0 = Release|Any CPU
		{67803455-F3D8-4CE8-BBB8-06272FE02971}.Release|Any CPU.Deploy.0 = Release|Any CPU
		{094B0BF4-ED0C-4671-A29C-754CBC85A956}.Debug|Any CPU.ActiveCfg = Debug|Any CPU
		{094B0BF4-ED0C-4671-A29C-754CBC85A956}.Debug|Any CPU.Build.0 = Debug|Any CPU
		{094B0BF4-ED0C-4671-A29C-754CBC85A956}.Release|Any CPU.ActiveCfg = Release|Any CPU
		{094B0BF4-ED0C-4671-A29C-754CBC85A956}.Release|Any CPU.Build.0 = Release|Any CPU
		{CAB30C33-5F45-4579-A384-ADFB3A7F980F}.Debug|Any CPU.ActiveCfg = Debug|Any CPU
		{CAB30C33-5F45-4579-A384-ADFB3A7F980F}.Debug|Any CPU.Build.0 = Debug|Any CPU
		{CAB30C33-5F45-4579-A384-ADFB3A7F980F}.Release|Any CPU.ActiveCfg = Release|Any CPU
		{CAB30C33-5F45-4579-A384-ADFB3A7F980F}.Release|Any CPU.Build.0 = Release|Any CPU
	EndGlobalSection
	GlobalSection(SolutionProperties) = preSolution
		HideSolutionNode = FALSE
	EndGlobalSection
	GlobalSection(ExtensibilityGlobals) = postSolution
		SolutionGuid = {15646FFC-3381-4CC8-B18E-D7B356B7EE9A}
	EndGlobalSection
EndGlobal
